// !$*UTF8*$!
{
	archiveVersion = 1;
	classes = {
	};
	objectVersion = 46;
	objects = {

/* Begin PBXBuildFile section */
		FB2707831EE4F5C3003C342E /* DisclosureButtonViewController.m in Sources */ = {isa = PBXBuildFile; fileRef = FB2707821EE4F5C3003C342E /* DisclosureButtonViewController.m */; };
		FB2707861EE4F656003C342E /* DisclosureDetailViewController.m in Sources */ = {isa = PBXBuildFile; fileRef = FB2707851EE4F656003C342E /* DisclosureDetailViewController.m */; };
		FB5BA1831EE2A690004A7422 /* main.m in Sources */ = {isa = PBXBuildFile; fileRef = FB5BA1821EE2A690004A7422 /* main.m */; };
		FB5BA1861EE2A690004A7422 /* AppDelegate.m in Sources */ = {isa = PBXBuildFile; fileRef = FB5BA1851EE2A690004A7422 /* AppDelegate.m */; };
		FB5BA18C1EE2A690004A7422 /* Main.storyboard in Resources */ = {isa = PBXBuildFile; fileRef = FB5BA18A1EE2A690004A7422 /* Main.storyboard */; };
		FB5BA18E1EE2A690004A7422 /* Assets.xcassets in Resources */ = {isa = PBXBuildFile; fileRef = FB5BA18D1EE2A690004A7422 /* Assets.xcassets */; };
		FB5BA1911EE2A690004A7422 /* LaunchScreen.storyboard in Resources */ = {isa = PBXBuildFile; fileRef = FB5BA18F1EE2A690004A7422 /* LaunchScreen.storyboard */; };
		FB5BA19A1EE2A7E8004A7422 /* FirstLevelViewController.m in Sources */ = {isa = PBXBuildFile; fileRef = FB5BA1991EE2A7E8004A7422 /* FirstLevelViewController.m */; };
		FB5BA19D1EE2AB0D004A7422 /* SecondLevelViewController.m in Sources */ = {isa = PBXBuildFile; fileRef = FB5BA19C1EE2AB0D004A7422 /* SecondLevelViewController.m */; };
		FB9C3A3B1EE69F45007DE904 /* CheckListViewController.m in Sources */ = {isa = PBXBuildFile; fileRef = FB9C3A3A1EE69F45007DE904 /* CheckListViewController.m */; };
		FB9C3A3E1EE6B531007DE904 /* RowControlsViewController.m in Sources */ = {isa = PBXBuildFile; fileRef = FB9C3A3D1EE6B531007DE904 /* RowControlsViewController.m */; };
		FB9C3A411EE6D480007DE904 /* MoveMeViewController.m in Sources */ = {isa = PBXBuildFile; fileRef = FB9C3A401EE6D480007DE904 /* MoveMeViewController.m */; };
		FB9C3A441EE6E412007DE904 /* DeleteMeViewController.m in Sources */ = {isa = PBXBuildFile; fileRef = FB9C3A431EE6E412007DE904 /* DeleteMeViewController.m */; };
		FB9C3A461EE6E575007DE904 /* computers.plist in Resources */ = {isa = PBXBuildFile; fileRef = FB9C3A451EE6E575007DE904 /* computers.plist */; };
		FB9C3A491EE6F02F007DE904 /* President.m in Sources */ = {isa = PBXBuildFile; fileRef = FB9C3A481EE6F02F007DE904 /* President.m */; };
		FB9C3A4C1EE6F1F9007DE904 /* PresidentsViewController.m in Sources */ = {isa = PBXBuildFile; fileRef = FB9C3A4B1EE6F1F9007DE904 /* PresidentsViewController.m */; };
		FB9C3A4F1EE6F234007DE904 /* PresidentDetailViewController.m in Sources */ = {isa = PBXBuildFile; fileRef = FB9C3A4E1EE6F234007DE904 /* PresidentDetailViewController.m */; };
		FB9C3A511EE6F93D007DE904 /* Presidents.plist in Resources */ = {isa = PBXBuildFile; fileRef = FB9C3A501EE6F93D007DE904 /* Presidents.plist */; };
/* End PBXBuildFile section */

/* Begin PBXFileReference section */
		FB2707811EE4F5C3003C342E /* DisclosureButtonViewController.h */ = {isa = PBXFileReference; fileEncoding = 4; lastKnownFileType = sourcecode.c.h; path = DisclosureButtonViewController.h; sourceTree = "<group>"; };
		FB2707821EE4F5C3003C342E /* DisclosureButtonViewController.m */ = {isa = PBXFileReference; fileEncoding = 4; lastKnownFileType = sourcecode.c.objc; path = DisclosureButtonViewController.m; sourceTree = "<group>"; };
		FB2707841EE4F656003C342E /* DisclosureDetailViewController.h */ = {isa = PBXFileReference; fileEncoding = 4; lastKnownFileType = sourcecode.c.h; path = DisclosureDetailViewController.h; sourceTree = "<group>"; };
		FB2707851EE4F656003C342E /* DisclosureDetailViewController.m */ = {isa = PBXFileReference; fileEncoding = 4; lastKnownFileType = sourcecode.c.objc; path = DisclosureDetailViewController.m; sourceTree = "<group>"; };
		FB5BA17E1EE2A690004A7422 /* Nav.app */ = {isa = PBXFileReference; explicitFileType = wrapper.application; includeInIndex = 0; path = Nav.app; sourceTree = BUILT_PRODUCTS_DIR; };
		FB5BA1821EE2A690004A7422 /* main.m */ = {isa = PBXFileReference; lastKnownFileType = sourcecode.c.objc; path = main.m; sourceTree = "<group>"; };
		FB5BA1841EE2A690004A7422 /* AppDelegate.h */ = {isa = PBXFileReference; lastKnownFileType = sourcecode.c.h; path = AppDelegate.h; sourceTree = "<group>"; };
		FB5BA1851EE2A690004A7422 /* AppDelegate.m */ = {isa = PBXFileReference; lastKnownFileType = sourcecode.c.objc; path = AppDelegate.m; sourceTree = "<group>"; };
		FB5BA18B1EE2A690004A7422 /* Base */ = {isa = PBXFileReference; lastKnownFileType = file.storyboard; name = Base; path = Base.lproj/Main.storyboard; sourceTree = "<group>"; };
		FB5BA18D1EE2A690004A7422 /* Assets.xcassets */ = {isa = PBXFileReference; lastKnownFileType = folder.assetcatalog; path = Assets.xcassets; sourceTree = "<group>"; };
		FB5BA1901EE2A690004A7422 /* Base */ = {isa = PBXFileReference; lastKnownFileType = file.storyboard; name = Base; path = Base.lproj/LaunchScreen.storyboard; sourceTree = "<group>"; };
		FB5BA1921EE2A690004A7422 /* Info.plist */ = {isa = PBXFileReference; lastKnownFileType = text.plist.xml; path = Info.plist; sourceTree = "<group>"; };
		FB5BA1981EE2A7E8004A7422 /* FirstLevelViewController.h */ = {isa = PBXFileReference; fileEncoding = 4; lastKnownFileType = sourcecode.c.h; path = FirstLevelViewController.h; sourceTree = "<group>"; };
		FB5BA1991EE2A7E8004A7422 /* FirstLevelViewController.m */ = {isa = PBXFileReference; fileEncoding = 4; lastKnownFileType = sourcecode.c.objc; path = FirstLevelViewController.m; sourceTree = "<group>"; };
		FB5BA19B1EE2AB0D004A7422 /* SecondLevelViewController.h */ = {isa = PBXFileReference; fileEncoding = 4; lastKnownFileType = sourcecode.c.h; path = SecondLevelViewController.h; sourceTree = "<group>"; };
		FB5BA19C1EE2AB0D004A7422 /* SecondLevelViewController.m */ = {isa = PBXFileReference; fileEncoding = 4; lastKnownFileType = sourcecode.c.objc; path = SecondLevelViewController.m; sourceTree = "<group>"; };
		FB9C3A391EE69F45007DE904 /* CheckListViewController.h */ = {isa = PBXFileReference; fileEncoding = 4; lastKnownFileType = sourcecode.c.h; path = CheckListViewController.h; sourceTree = "<group>"; };
		FB9C3A3A1EE69F45007DE904 /* CheckListViewController.m */ = {isa = PBXFileReference; fileEncoding = 4; lastKnownFileType = sourcecode.c.objc; path = CheckListViewController.m; sourceTree = "<group>"; };
		FB9C3A3C1EE6B531007DE904 /* RowControlsViewController.h */ = {isa = PBXFileReference; fileEncoding = 4; lastKnownFileType = sourcecode.c.h; path = RowControlsViewController.h; sourceTree = "<group>"; };
		FB9C3A3D1EE6B531007DE904 /* RowControlsViewController.m */ = {isa = PBXFileReference; fileEncoding = 4; lastKnownFileType = sourcecode.c.objc; path = RowControlsViewController.m; sourceTree = "<group>"; };
		FB9C3A3F1EE6D480007DE904 /* MoveMeViewController.h */ = {isa = PBXFileReference; fileEncoding = 4; lastKnownFileType = sourcecode.c.h; path = MoveMeViewController.h; sourceTree = "<group>"; };
		FB9C3A401EE6D480007DE904 /* MoveMeViewController.m */ = {isa = PBXFileReference; fileEncoding = 4; lastKnownFileType = sourcecode.c.objc; path = MoveMeViewController.m; sourceTree = "<group>"; };
		FB9C3A421EE6E412007DE904 /* DeleteMeViewController.h */ = {isa = PBXFileReference; fileEncoding = 4; lastKnownFileType = sourcecode.c.h; path = DeleteMeViewController.h; sourceTree = "<group>"; };
		FB9C3A431EE6E412007DE904 /* DeleteMeViewController.m */ = {isa = PBXFileReference; fileEncoding = 4; lastKnownFileType = sourcecode.c.objc; path = DeleteMeViewController.m; sourceTree = "<group>"; };
		FB9C3A451EE6E575007DE904 /* computers.plist */ = {isa = PBXFileReference; fileEncoding = 4; lastKnownFileType = text.plist.xml; path = computers.plist; sourceTree = SOURCE_ROOT; };
		FB9C3A471EE6F02F007DE904 /* President.h */ = {isa = PBXFileReference; fileEncoding = 4; lastKnownFileType = sourcecode.c.h; path = President.h; sourceTree = "<group>"; };
		FB9C3A481EE6F02F007DE904 /* President.m */ = {isa = PBXFileReference; fileEncoding = 4; lastKnownFileType = sourcecode.c.objc; path = President.m; sourceTree = "<group>"; };
		FB9C3A4A1EE6F1F9007DE904 /* PresidentsViewController.h */ = {isa = PBXFileReference; fileEncoding = 4; lastKnownFileType = sourcecode.c.h; path = PresidentsViewController.h; sourceTree = "<group>"; };
		FB9C3A4B1EE6F1F9007DE904 /* PresidentsViewController.m */ = {isa = PBXFileReference; fileEncoding = 4; lastKnownFileType = sourcecode.c.objc; path = PresidentsViewController.m; sourceTree = "<group>"; };
		FB9C3A4D1EE6F234007DE904 /* PresidentDetailViewController.h */ = {isa = PBXFileReference; fileEncoding = 4; lastKnownFileType = sourcecode.c.h; path = PresidentDetailViewController.h; sourceTree = "<group>"; };
		FB9C3A4E1EE6F234007DE904 /* PresidentDetailViewController.m */ = {isa = PBXFileReference; fileEncoding = 4; lastKnownFileType = sourcecode.c.objc; path = PresidentDetailViewController.m; sourceTree = "<group>"; };
		FB9C3A501EE6F93D007DE904 /* Presidents.plist */ = {isa = PBXFileReference; lastKnownFileType = file.bplist; path = Presidents.plist; sourceTree = SOURCE_ROOT; };
/* End PBXFileReference section */

/* Begin PBXFrameworksBuildPhase section */
		FB5BA17B1EE2A690004A7422 /* Frameworks */ = {
			isa = PBXFrameworksBuildPhase;
			buildActionMask = 2147483647;
			files = (
			);
			runOnlyForDeploymentPostprocessing = 0;
		};
/* End PBXFrameworksBuildPhase section */

/* Begin PBXGroup section */
		FB5BA1751EE2A690004A7422 = {
			isa = PBXGroup;
			children = (
				FB5BA1801EE2A690004A7422 /* Nav */,
				FB5BA17F1EE2A690004A7422 /* Products */,
			);
			sourceTree = "<group>";
		};
		FB5BA17F1EE2A690004A7422 /* Products */ = {
			isa = PBXGroup;
			children = (
				FB5BA17E1EE2A690004A7422 /* Nav.app */,
			);
			name = Products;
			sourceTree = "<group>";
		};
		FB5BA1801EE2A690004A7422 /* Nav */ = {
			isa = PBXGroup;
			children = (
				FB5BA1841EE2A690004A7422 /* AppDelegate.h */,
				FB5BA1851EE2A690004A7422 /* AppDelegate.m */,
				FB5BA18A1EE2A690004A7422 /* Main.storyboard */,
				FB5BA18D1EE2A690004A7422 /* Assets.xcassets */,
				FB5BA18F1EE2A690004A7422 /* LaunchScreen.storyboard */,
				FB5BA1921EE2A690004A7422 /* Info.plist */,
				FB5BA1811EE2A690004A7422 /* Supporting Files */,
				FB5BA1981EE2A7E8004A7422 /* FirstLevelViewController.h */,
				FB5BA1991EE2A7E8004A7422 /* FirstLevelViewController.m */,
				FB5BA19B1EE2AB0D004A7422 /* SecondLevelViewController.h */,
				FB5BA19C1EE2AB0D004A7422 /* SecondLevelViewController.m */,
				FB2707811EE4F5C3003C342E /* DisclosureButtonViewController.h */,
				FB2707821EE4F5C3003C342E /* DisclosureButtonViewController.m */,
				FB2707841EE4F656003C342E /* DisclosureDetailViewController.h */,
				FB2707851EE4F656003C342E /* DisclosureDetailViewController.m */,
				FB9C3A391EE69F45007DE904 /* CheckListViewController.h */,
				FB9C3A3A1EE69F45007DE904 /* CheckListViewController.m */,
				FB9C3A3C1EE6B531007DE904 /* RowControlsViewController.h */,
				FB9C3A3D1EE6B531007DE904 /* RowControlsViewController.m */,
				FB9C3A3F1EE6D480007DE904 /* MoveMeViewController.h */,
				FB9C3A401EE6D480007DE904 /* MoveMeViewController.m */,
				FB9C3A421EE6E412007DE904 /* DeleteMeViewController.h */,
				FB9C3A431EE6E412007DE904 /* DeleteMeViewController.m */,
				FB9C3A451EE6E575007DE904 /* computers.plist */,
				FB9C3A471EE6F02F007DE904 /* President.h */,
				FB9C3A481EE6F02F007DE904 /* President.m */,
				FB9C3A4A1EE6F1F9007DE904 /* PresidentsViewController.h */,
				FB9C3A4B1EE6F1F9007DE904 /* PresidentsViewController.m */,
				FB9C3A4D1EE6F234007DE904 /* PresidentDetailViewController.h */,
				FB9C3A4E1EE6F234007DE904 /* PresidentDetailViewController.m */,
				FB9C3A501EE6F93D007DE904 /* Presidents.plist */,
			);
			path = Nav;
			sourceTree = "<group>";
		};
		FB5BA1811EE2A690004A7422 /* Supporting Files */ = {
			isa = PBXGroup;
			children = (
				FB5BA1821EE2A690004A7422 /* main.m */,
			);
			name = "Supporting Files";
			sourceTree = "<group>";
		};
/* End PBXGroup section */

/* Begin PBXNativeTarget section */
		FB5BA17D1EE2A690004A7422 /* Nav */ = {
			isa = PBXNativeTarget;
			buildConfigurationList = FB5BA1951EE2A690004A7422 /* Build configuration list for PBXNativeTarget "Nav" */;
			buildPhases = (
				FB5BA17A1EE2A690004A7422 /* Sources */,
				FB5BA17B1EE2A690004A7422 /* Frameworks */,
				FB5BA17C1EE2A690004A7422 /* Resources */,
			);
			buildRules = (
			);
			dependencies = (
			);
			name = Nav;
			productName = Nav;
			productReference = FB5BA17E1EE2A690004A7422 /* Nav.app */;
			productType = "com.apple.product-type.application";
		};
/* End PBXNativeTarget section */

/* Begin PBXProject section */
		FB5BA1761EE2A690004A7422 /* Project object */ = {
			isa = PBXProject;
			attributes = {
				LastUpgradeCheck = 0820;
				ORGANIZATIONNAME = "Vasilii Burenkov";
				TargetAttributes = {
					FB5BA17D1EE2A690004A7422 = {
						CreatedOnToolsVersion = 8.2;
						ProvisioningStyle = Automatic;
					};
				};
			};
			buildConfigurationList = FB5BA1791EE2A690004A7422 /* Build configuration list for PBXProject "Nav" */;
			compatibilityVersion = "Xcode 3.2";
			developmentRegion = English;
			hasScannedForEncodings = 0;
			knownRegions = (
				en,
				Base,
			);
			mainGroup = FB5BA1751EE2A690004A7422;
			productRefGroup = FB5BA17F1EE2A690004A7422 /* Products */;
			projectDirPath = "";
			projectRoot = "";
			targets = (
				FB5BA17D1EE2A690004A7422 /* Nav */,
			);
		};
/* End PBXProject section */

/* Begin PBXResourcesBuildPhase section */
		FB5BA17C1EE2A690004A7422 /* Resources */ = {
			isa = PBXResourcesBuildPhase;
			buildActionMask = 2147483647;
			files = (
				FB9C3A511EE6F93D007DE904 /* Presidents.plist in Resources */,
				FB5BA1911EE2A690004A7422 /* LaunchScreen.storyboard in Resources */,
				FB5BA18E1EE2A690004A7422 /* Assets.xcassets in Resources */,
				FB5BA18C1EE2A690004A7422 /* Main.storyboard in Resources */,
				FB9C3A461EE6E575007DE904 /* computers.plist in Resources */,
			);
			runOnlyForDeploymentPostprocessing = 0;
		};
/* End PBXResourcesBuildPhase section */

/* Begin PBXSourcesBuildPhase section */
		FB5BA17A1EE2A690004A7422 /* Sources */ = {
			isa = PBXSourcesBuildPhase;
			buildActionMask = 2147483647;
			files = (
				FB2707861EE4F656003C342E /* DisclosureDetailViewController.m in Sources */,
				FB9C3A4C1EE6F1F9007DE904 /* PresidentsViewController.m in Sources */,
				FB9C3A3E1EE6B531007DE904 /* RowControlsViewController.m in Sources */,
				FB9C3A3B1EE69F45007DE904 /* CheckListViewController.m in Sources */,
				FB5BA19A1EE2A7E8004A7422 /* FirstLevelViewController.m in Sources */,
				FB9C3A4F1EE6F234007DE904 /* PresidentDetailViewController.m in Sources */,
				FB2707831EE4F5C3003C342E /* DisclosureButtonViewController.m in Sources */,
				FB9C3A441EE6E412007DE904 /* DeleteMeViewController.m in Sources */,
				FB5BA19D1EE2AB0D004A7422 /* SecondLevelViewController.m in Sources */,
				FB5BA1861EE2A690004A7422 /* AppDelegate.m in Sources */,
				FB5BA1831EE2A690004A7422 /* main.m in Sources */,
				FB9C3A411EE6D480007DE904 /* MoveMeViewController.m in Sources */,
				FB9C3A491EE6F02F007DE904 /* President.m in Sources */,
			);
			runOnlyForDeploymentPostprocessing = 0;
		};
/* End PBXSourcesBuildPhase section */

/* Begin PBXVariantGroup section */
		FB5BA18A1EE2A690004A7422 /* Main.storyboard */ = {
			isa = PBXVariantGroup;
			children = (
				FB5BA18B1EE2A690004A7422 /* Base */,
			);
			name = Main.storyboard;
			sourceTree = "<group>";
		};
		FB5BA18F1EE2A690004A7422 /* LaunchScreen.storyboard */ = {
			isa = PBXVariantGroup;
			children = (
				FB5BA1901EE2A690004A7422 /* Base */,
			);
			name = LaunchScreen.storyboard;
			sourceTree = "<group>";
		};
/* End PBXVariantGroup section */

/* Begin XCBuildConfiguration section */
		FB5BA1931EE2A690004A7422 /* Debug */ = {
			isa = XCBuildConfiguration;
			buildSettings = {
				ALWAYS_SEARCH_USER_PATHS = NO;
				CLANG_ANALYZER_NONNULL = YES;
				CLANG_CXX_LANGUAGE_STANDARD = "gnu++0x";
				CLANG_CXX_LIBRARY = "libc++";
				CLANG_ENABLE_MODULES = YES;
				CLANG_ENABLE_OBJC_ARC = YES;
				CLANG_WARN_BOOL_CONVERSION = YES;
				CLANG_WARN_CONSTANT_CONVERSION = YES;
				CLANG_WARN_DIRECT_OBJC_ISA_USAGE = YES_ERROR;
				CLANG_WARN_DOCUMENTATION_COMMENTS = YES;
				CLANG_WARN_EMPTY_BODY = YES;
				CLANG_WARN_ENUM_CONVERSION = YES;
				CLANG_WARN_INFINITE_RECURSION = YES;
				CLANG_WARN_INT_CONVERSION = YES;
				CLANG_WARN_OBJC_ROOT_CLASS = YES_ERROR;
				CLANG_WARN_SUSPICIOUS_MOVE = YES;
				CLANG_WARN_UNREACHABLE_CODE = YES;
				CLANG_WARN__DUPLICATE_METHOD_MATCH = YES;
				"CODE_SIGN_IDENTITY[sdk=iphoneos*]" = "iPhone Developer";
				COPY_PHASE_STRIP = NO;
				DEBUG_INFORMATION_FORMAT = dwarf;
				ENABLE_STRICT_OBJC_MSGSEND = YES;
				ENABLE_TESTABILITY = YES;
				GCC_C_LANGUAGE_STANDARD = gnu99;
				GCC_DYNAMIC_NO_PIC = NO;
				GCC_NO_COMMON_BLOCKS = YES;
				GCC_OPTIMIZATION_LEVEL = 0;
				GCC_PREPROCESSOR_DEFINITIONS = (
					"DEBUG=1",
					"$(inherited)",
				);
				GCC_WARN_64_TO_32_BIT_CONVERSION = YES;
				GCC_WARN_ABOUT_RETURN_TYPE = YES_ERROR;
				GCC_WARN_UNDECLARED_SELECTOR = YES;
				GCC_WARN_UNINITIALIZED_AUTOS = YES_AGGRESSIVE;
				GCC_WARN_UNUSED_FUNCTION = YES;
				GCC_WARN_UNUSED_VARIABLE = YES;
				IPHONEOS_DEPLOYMENT_TARGET = 10.2;
				MTL_ENABLE_DEBUG_INFO = YES;
				ONLY_ACTIVE_ARCH = YES;
				SDKROOT = iphoneos;
				TARGETED_DEVICE_FAMILY = "1,2";
			};
			name = Debug;
		};
		FB5BA1941EE2A690004A7422 /* Release */ = {
			isa = XCBuildConfiguration;
			buildSettings = {
				ALWAYS_SEARCH_USER_PATHS = NO;
				CLANG_ANALYZER_NONNULL = YES;
				CLANG_CXX_LANGUAGE_STANDARD = "gnu++0x";
				CLANG_CXX_LIBRARY = "libc++";
				CLANG_ENABLE_MODULES = YES;
				CLANG_ENABLE_OBJC_ARC = YES;
				CLANG_WARN_BOOL_CONVERSION = YES;
				CLANG_WARN_CONSTANT_CONVERSION = YES;
				CLANG_WARN_DIRECT_OBJC_ISA_USAGE = YES_ERROR;
				CLANG_WARN_DOCUMENTATION_COMMENTS = YES;
				CLANG_WARN_EMPTY_BODY = YES;
				CLANG_WARN_ENUM_CONVERSION = YES;
				CLANG_WARN_INFINITE_RECURSION = YES;
				CLANG_WARN_INT_CONVERSION = YES;
				CLANG_WARN_OBJC_ROOT_CLASS = YES_ERROR;
				CLANG_WARN_SUSPICIOUS_MOVE = YES;
				CLANG_WARN_UNREACHABLE_CODE = YES;
				CLANG_WARN__DUPLICATE_METHOD_MATCH = YES;
				"CODE_SIGN_IDENTITY[sdk=iphoneos*]" = "iPhone Developer";
				COPY_PHASE_STRIP = NO;
				DEBUG_INFORMATION_FORMAT = "dwarf-with-dsym";
				ENABLE_NS_ASSERTIONS = NO;
				ENABLE_STRICT_OBJC_MSGSEND = YES;
				GCC_C_LANGUAGE_STANDARD = gnu99;
				GCC_NO_COMMON_BLOCKS = YES;
				GCC_WARN_64_TO_32_BIT_CONVERSION = YES;
				GCC_WARN_ABOUT_RETURN_TYPE = YES_ERROR;
				GCC_WARN_UNDECLARED_SELECTOR = YES;
				GCC_WARN_UNINITIALIZED_AUTOS = YES_AGGRESSIVE;
				GCC_WARN_UNUSED_FUNCTION = YES;
				GCC_WARN_UNUSED_VARIABLE = YES;
				IPHONEOS_DEPLOYMENT_TARGET = 10.2;
				MTL_ENABLE_DEBUG_INFO = NO;
				SDKROOT = iphoneos;
				TARGETED_DEVICE_FAMILY = "1,2";
				VALIDATE_PRODUCT = YES;
			};
			name = Release;
		};
		FB5BA1961EE2A690004A7422 /* Debug */ = {
			isa = XCBuildConfiguration;
			buildSettings = {
				ASSETCATALOG_COMPILER_APPICON_NAME = AppIcon;
				INFOPLIST_FILE = Nav/Info.plist;
				LD_RUNPATH_SEARCH_PATHS = "$(inherited) @executable_path/Frameworks";
				PRODUCT_BUNDLE_IDENTIFIER = com.burenkov.Nav;
				PRODUCT_NAME = "$(TARGET_NAME)";
			};
			name = Debug;
		};
		FB5BA1971EE2A690004A7422 /* Release */ = {
			isa = XCBuildConfiguration;
			buildSettings = {
				ASSETCATALOG_COMPILER_APPICON_NAME = AppIcon;
				INFOPLIST_FILE = Nav/Info.plist;
				LD_RUNPATH_SEARCH_PATHS = "$(inherited) @executable_path/Frameworks";
				PRODUCT_BUNDLE_IDENTIFIER = com.burenkov.Nav;
				PRODUCT_NAME = "$(TARGET_NAME)";
			};
			name = Release;
		};
/* End XCBuildConfiguration section */

/* Begin XCConfigurationList section */
		FB5BA1791EE2A690004A7422 /* Build configuration list for PBXProject "Nav" */ = {
			isa = XCConfigurationList;
			buildConfigurations = (
				FB5BA1931EE2A690004A7422 /* Debug */,
				FB5BA1941EE2A690004A7422 /* Release */,
			);
			defaultConfigurationIsVisible = 0;
			defaultConfigurationName = Release;
		};
		FB5BA1951EE2A690004A7422 /* Build configuration list for PBXNativeTarget "Nav" */ = {
			isa = XCConfigurationList;
			buildConfigurations = (
				FB5BA1961EE2A690004A7422 /* Debug */,
				FB5BA1971EE2A690004A7422 /* Release */,
			);
			defaultConfigurationIsVisible = 0;
			defaultConfigurationName = Release;
		};
/* End XCConfigurationList section */
	};
	rootObject = FB5BA1761EE2A690004A7422 /* Project object */;
}
